// !$*UTF8*$!
{
	archiveVersion = 1;
	classes = {
	};
	objectVersion = 50;
	objects = {

/* Begin PBXBuildFile section */
		400FF2AA21F50FD9003559EB /* AppDelegate.swift in Sources */ = {isa = PBXBuildFile; fileRef = 400FF2A921F50FD9003559EB /* AppDelegate.swift */; };
		400FF2AC21F50FD9003559EB /* ViewController.swift in Sources */ = {isa = PBXBuildFile; fileRef = 400FF2AB21F50FD9003559EB /* ViewController.swift */; };
		400FF2AF21F50FD9003559EB /* Main.storyboard in Resources */ = {isa = PBXBuildFile; fileRef = 400FF2AD21F50FD9003559EB /* Main.storyboard */; };
		400FF2B121F50FDA003559EB /* Assets.xcassets in Resources */ = {isa = PBXBuildFile; fileRef = 400FF2B021F50FDA003559EB /* Assets.xcassets */; };
		400FF2B421F50FDA003559EB /* LaunchScreen.storyboard in Resources */ = {isa = PBXBuildFile; fileRef = 400FF2B221F50FDA003559EB /* LaunchScreen.storyboard */; };
		400FF2BF21F50FDA003559EB /* SampleCollectionViewTests.swift in Sources */ = {isa = PBXBuildFile; fileRef = 400FF2BE21F50FDA003559EB /* SampleCollectionViewTests.swift */; };
		400FF2CA21F50FDA003559EB /* SampleCollectionViewUITests.swift in Sources */ = {isa = PBXBuildFile; fileRef = 400FF2C921F50FDA003559EB /* SampleCollectionViewUITests.swift */; };
/* End PBXBuildFile section */

/* Begin PBXContainerItemProxy section */
		400FF2BB21F50FDA003559EB /* PBXContainerItemProxy */ = {
			isa = PBXContainerItemProxy;
			containerPortal = 400FF29E21F50FD9003559EB /* Project object */;
			proxyType = 1;
			remoteGlobalIDString = 400FF2A521F50FD9003559EB;
			remoteInfo = SampleCollectionView;
		};
		400FF2C621F50FDA003559EB /* PBXContainerItemProxy */ = {
			isa = PBXContainerItemProxy;
			containerPortal = 400FF29E21F50FD9003559EB /* Project object */;
			proxyType = 1;
			remoteGlobalIDString = 400FF2A521F50FD9003559EB;
			remoteInfo = SampleCollectionView;
		};
/* End PBXContainerItemProxy section */

/* Begin PBXFileReference section */
		400FF2A621F50FD9003559EB /* SampleCollectionView.app */ = {isa = PBXFileReference; explicitFileType = wrapper.application; includeInIndex = 0; path = SampleCollectionView.app; sourceTree = BUILT_PRODUCTS_DIR; };
		400FF2A921F50FD9003559EB /* AppDelegate.swift */ = {isa = PBXFileReference; lastKnownFileType = sourcecode.swift; path = AppDelegate.swift; sourceTree = "<group>"; };
		400FF2AB21F50FD9003559EB /* ViewController.swift */ = {isa = PBXFileReference; lastKnownFileType = sourcecode.swift; path = ViewController.swift; sourceTree = "<group>"; };
		400FF2AE21F50FD9003559EB /* Base */ = {isa = PBXFileReference; lastKnownFileType = file.storyboard; name = Base; path = Base.lproj/Main.storyboard; sourceTree = "<group>"; };
		400FF2B021F50FDA003559EB /* Assets.xcassets */ = {isa = PBXFileReference; lastKnownFileType = folder.assetcatalog; path = Assets.xcassets; sourceTree = "<group>"; };
		400FF2B321F50FDA003559EB /* Base */ = {isa = PBXFileReference; lastKnownFileType = file.storyboard; name = Base; path = Base.lproj/LaunchScreen.storyboard; sourceTree = "<group>"; };
		400FF2B521F50FDA003559EB /* Info.plist */ = {isa = PBXFileReference; lastKnownFileType = text.plist.xml; path = Info.plist; sourceTree = "<group>"; };
		400FF2BA21F50FDA003559EB /* SampleCollectionViewTests.xctest */ = {isa = PBXFileReference; explicitFileType = wrapper.cfbundle; includeInIndex = 0; path = SampleCollectionViewTests.xctest; sourceTree = BUILT_PRODUCTS_DIR; };
		400FF2BE21F50FDA003559EB /* SampleCollectionViewTests.swift */ = {isa = PBXFileReference; lastKnownFileType = sourcecode.swift; path = SampleCollectionViewTests.swift; sourceTree = "<group>"; };
		400FF2C021F50FDA003559EB /* Info.plist */ = {isa = PBXFileReference; lastKnownFileType = text.plist.xml; path = Info.plist; sourceTree = "<group>"; };
		400FF2C521F50FDA003559EB /* SampleCollectionViewUITests.xctest */ = {isa = PBXFileReference; explicitFileType = wrapper.cfbundle; includeInIndex = 0; path = SampleCollectionViewUITests.xctest; sourceTree = BUILT_PRODUCTS_DIR; };
		400FF2C921F50FDA003559EB /* SampleCollectionViewUITests.swift */ = {isa = PBXFileReference; lastKnownFileType = sourcecode.swift; path = SampleCollectionViewUITests.swift; sourceTree = "<group>"; };
		400FF2CB21F50FDA003559EB /* Info.plist */ = {isa = PBXFileReference; lastKnownFileType = text.plist.xml; path = Info.plist; sourceTree = "<group>"; };
/* End PBXFileReference section */

/* Begin PBXFrameworksBuildPhase section */
		400FF2A321F50FD9003559EB /* Frameworks */ = {
			isa = PBXFrameworksBuildPhase;
			buildActionMask = 2147483647;
			files = (
			);
			runOnlyForDeploymentPostprocessing = 0;
		};
		400FF2B721F50FDA003559EB /* Frameworks */ = {
			isa = PBXFrameworksBuildPhase;
			buildActionMask = 2147483647;
			files = (
			);
			runOnlyForDeploymentPostprocessing = 0;
		};
		400FF2C221F50FDA003559EB /* Frameworks */ = {
			isa = PBXFrameworksBuildPhase;
			buildActionMask = 2147483647;
			files = (
			);
			runOnlyForDeploymentPostprocessing = 0;
		};
/* End PBXFrameworksBuildPhase section */

/* Begin PBXGroup section */
		400FF29D21F50FD9003559EB = {
			isa = PBXGroup;
			children = (
				400FF2A821F50FD9003559EB /* SampleCollectionView */,
				400FF2BD21F50FDA003559EB /* SampleCollectionViewTests */,
				400FF2C821F50FDA003559EB /* SampleCollectionViewUITests */,
				400FF2A721F50FD9003559EB /* Products */,
			);
			sourceTree = "<group>";
		};
		400FF2A721F50FD9003559EB /* Products */ = {
			isa = PBXGroup;
			children = (
				400FF2A621F50FD9003559EB /* SampleCollectionView.app */,
				400FF2BA21F50FDA003559EB /* SampleCollectionViewTests.xctest */,
				400FF2C521F50FDA003559EB /* SampleCollectionViewUITests.xctest */,
			);
			name = Products;
			sourceTree = "<group>";
		};
		400FF2A821F50FD9003559EB /* SampleCollectionView */ = {
			isa = PBXGroup;
			children = (
				400FF2A921F50FD9003559EB /* AppDelegate.swift */,
				400FF2AB21F50FD9003559EB /* ViewController.swift */,
				400FF2AD21F50FD9003559EB /* Main.storyboard */,
				400FF2B021F50FDA003559EB /* Assets.xcassets */,
				400FF2B221F50FDA003559EB /* LaunchScreen.storyboard */,
				400FF2B521F50FDA003559EB /* Info.plist */,
			);
			path = SampleCollectionView;
			sourceTree = "<group>";
		};
		400FF2BD21F50FDA003559EB /* SampleCollectionViewTests */ = {
			isa = PBXGroup;
			children = (
				400FF2BE21F50FDA003559EB /* SampleCollectionViewTests.swift */,
				400FF2C021F50FDA003559EB /* Info.plist */,
			);
			path = SampleCollectionViewTests;
			sourceTree = "<group>";
		};
		400FF2C821F50FDA003559EB /* SampleCollectionViewUITests */ = {
			isa = PBXGroup;
			children = (
				400FF2C921F50FDA003559EB /* SampleCollectionViewUITests.swift */,
				400FF2CB21F50FDA003559EB /* Info.plist */,
			);
			path = SampleCollectionViewUITests;
			sourceTree = "<group>";
		};
/* End PBXGroup section */

/* Begin PBXNativeTarget section */
		400FF2A521F50FD9003559EB /* SampleCollectionView */ = {
			isa = PBXNativeTarget;
			buildConfigurationList = 400FF2CE21F50FDA003559EB /* Build configuration list for PBXNativeTarget "SampleCollectionView" */;
			buildPhases = (
				400FF2A221F50FD9003559EB /* Sources */,
				400FF2A321F50FD9003559EB /* Frameworks */,
				400FF2A421F50FD9003559EB /* Resources */,
			);
			buildRules = (
			);
			dependencies = (
			);
			name = SampleCollectionView;
			productName = SampleCollectionView;
			productReference = 400FF2A621F50FD9003559EB /* SampleCollectionView.app */;
			productType = "com.apple.product-type.application";
		};
		400FF2B921F50FDA003559EB /* SampleCollectionViewTests */ = {
			isa = PBXNativeTarget;
			buildConfigurationList = 400FF2D121F50FDA003559EB /* Build configuration list for PBXNativeTarget "SampleCollectionViewTests" */;
			buildPhases = (
				400FF2B621F50FDA003559EB /* Sources */,
				400FF2B721F50FDA003559EB /* Frameworks */,
				400FF2B821F50FDA003559EB /* Resources */,
			);
			buildRules = (
			);
			dependencies = (
				400FF2BC21F50FDA003559EB /* PBXTargetDependency */,
			);
			name = SampleCollectionViewTests;
			productName = SampleCollectionViewTests;
			productReference = 400FF2BA21F50FDA003559EB /* SampleCollectionViewTests.xctest */;
			productType = "com.apple.product-type.bundle.unit-test";
		};
		400FF2C421F50FDA003559EB /* SampleCollectionViewUITests */ = {
			isa = PBXNativeTarget;
			buildConfigurationList = 400FF2D421F50FDA003559EB /* Build configuration list for PBXNativeTarget "SampleCollectionViewUITests" */;
			buildPhases = (
				400FF2C121F50FDA003559EB /* Sources */,
				400FF2C221F50FDA003559EB /* Frameworks */,
				400FF2C321F50FDA003559EB /* Resources */,
			);
			buildRules = (
			);
			dependencies = (
				400FF2C721F50FDA003559EB /* PBXTargetDependency */,
			);
			name = SampleCollectionViewUITests;
			productName = SampleCollectionViewUITests;
			productReference = 400FF2C521F50FDA003559EB /* SampleCollectionViewUITests.xctest */;
			productType = "com.apple.product-type.bundle.ui-testing";
		};
/* End PBXNativeTarget section */

/* Begin PBXProject section */
		400FF29E21F50FD9003559EB /* Project object */ = {
			isa = PBXProject;
			attributes = {
				LastSwiftUpdateCheck = 1010;
				LastUpgradeCheck = 1010;
				ORGANIZATIONNAME = "原田摩利奈";
				TargetAttributes = {
					400FF2A521F50FD9003559EB = {
						CreatedOnToolsVersion = 10.1;
					};
					400FF2B921F50FDA003559EB = {
						CreatedOnToolsVersion = 10.1;
						TestTargetID = 400FF2A521F50FD9003559EB;
					};
					400FF2C421F50FDA003559EB = {
						CreatedOnToolsVersion = 10.1;
						TestTargetID = 400FF2A521F50FD9003559EB;
					};
				};
			};
			buildConfigurationList = 400FF2A121F50FD9003559EB /* Build configuration list for PBXProject "SampleCollectionView" */;
			compatibilityVersion = "Xcode 9.3";
			developmentRegion = en;
			hasScannedForEncodings = 0;
			knownRegions = (
				en,
				Base,
			);
			mainGroup = 400FF29D21F50FD9003559EB;
			productRefGroup = 400FF2A721F50FD9003559EB /* Products */;
			projectDirPath = "";
			projectRoot = "";
			targets = (
				400FF2A521F50FD9003559EB /* SampleCollectionView */,
				400FF2B921F50FDA003559EB /* SampleCollectionViewTests */,
				400FF2C421F50FDA003559EB /* SampleCollectionViewUITests */,
			);
		};
/* End PBXProject section */

/* Begin PBXResourcesBuildPhase section */
		400FF2A421F50FD9003559EB /* Resources */ = {
			isa = PBXResourcesBuildPhase;
			buildActionMask = 2147483647;
			files = (
				400FF2B421F50FDA003559EB /* LaunchScreen.storyboard in Resources */,
				400FF2B121F50FDA003559EB /* Assets.xcassets in Resources */,
				400FF2AF21F50FD9003559EB /* Main.storyboard in Resources */,
			);
			runOnlyForDeploymentPostprocessing = 0;
		};
		400FF2B821F50FDA003559EB /* Resources */ = {
			isa = PBXResourcesBuildPhase;
			buildActionMask = 2147483647;
			files = (
			);
			runOnlyForDeploymentPostprocessing = 0;
		};
		400FF2C321F50FDA003559EB /* Resources */ = {
			isa = PBXResourcesBuildPhase;
			buildActionMask = 2147483647;
			files = (
			);
			runOnlyForDeploymentPostprocessing = 0;
		};
/* End PBXResourcesBuildPhase section */

/* Begin PBXSourcesBuildPhase section */
		400FF2A221F50FD9003559EB /* Sources */ = {
			isa = PBXSourcesBuildPhase;
			buildActionMask = 2147483647;
			files = (
				400FF2AC21F50FD9003559EB /* ViewController.swift in Sources */,
				400FF2AA21F50FD9003559EB /* AppDelegate.swift in Sources */,
			);
			runOnlyForDeploymentPostprocessing = 0;
		};
		400FF2B621F50FDA003559EB /* Sources */ = {
			isa = PBXSourcesBuildPhase;
			buildActionMask = 2147483647;
			files = (
				400FF2BF21F50FDA003559EB /* SampleCollectionViewTests.swift in Sources */,
			);
			runOnlyForDeploymentPostprocessing = 0;
		};
		400FF2C121F50FDA003559EB /* Sources */ = {
			isa = PBXSourcesBuildPhase;
			buildActionMask = 2147483647;
			files = (
				400FF2CA21F50FDA003559EB /* SampleCollectionViewUITests.swift in Sources */,
			);
			runOnlyForDeploymentPostprocessing = 0;
		};
/* End PBXSourcesBuildPhase section */

/* Begin PBXTargetDependency section */
		400FF2BC21F50FDA003559EB /* PBXTargetDependency */ = {
			isa = PBXTargetDependency;
			target = 400FF2A521F50FD9003559EB /* SampleCollectionView */;
			targetProxy = 400FF2BB21F50FDA003559EB /* PBXContainerItemProxy */;
		};
		400FF2C721F50FDA003559EB /* PBXTargetDependency */ = {
			isa = PBXTargetDependency;
			target = 400FF2A521F50FD9003559EB /* SampleCollectionView */;
			targetProxy = 400FF2C621F50FDA003559EB /* PBXContainerItemProxy */;
		};
/* End PBXTargetDependency section */

/* Begin PBXVariantGroup section */
		400FF2AD21F50FD9003559EB /* Main.storyboard */ = {
			isa = PBXVariantGroup;
			children = (
				400FF2AE21F50FD9003559EB /* Base */,
			);
			name = Main.storyboard;
			sourceTree = "<group>";
		};
		400FF2B221F50FDA003559EB /* LaunchScreen.storyboard */ = {
			isa = PBXVariantGroup;
			children = (
				400FF2B321F50FDA003559EB /* Base */,
			);
			name = LaunchScreen.storyboard;
			sourceTree = "<group>";
		};
/* End PBXVariantGroup section */

/* Begin XCBuildConfiguration section */
		400FF2CC21F50FDA003559EB /* Debug */ = {
			isa = XCBuildConfiguration;
			buildSettings = {
				ALWAYS_SEARCH_USER_PATHS = NO;
				CLANG_ANALYZER_NONNULL = YES;
				CLANG_ANALYZER_NUMBER_OBJECT_CONVERSION = YES_AGGRESSIVE;
				CLANG_CXX_LANGUAGE_STANDARD = "gnu++14";
				CLANG_CXX_LIBRARY = "libc++";
				CLANG_ENABLE_MODULES = YES;
				CLANG_ENABLE_OBJC_ARC = YES;
				CLANG_ENABLE_OBJC_WEAK = YES;
				CLANG_WARN_BLOCK_CAPTURE_AUTORELEASING = YES;
				CLANG_WARN_BOOL_CONVERSION = YES;
				CLANG_WARN_COMMA = YES;
				CLANG_WARN_CONSTANT_CONVERSION = YES;
				CLANG_WARN_DEPRECATED_OBJC_IMPLEMENTATIONS = YES;
				CLANG_WARN_DIRECT_OBJC_ISA_USAGE = YES_ERROR;
				CLANG_WARN_DOCUMENTATION_COMMENTS = YES;
				CLANG_WARN_EMPTY_BODY = YES;
				CLANG_WARN_ENUM_CONVERSION = YES;
				CLANG_WARN_INFINITE_RECURSION = YES;
				CLANG_WARN_INT_CONVERSION = YES;
				CLANG_WARN_NON_LITERAL_NULL_CONVERSION = YES;
				CLANG_WARN_OBJC_IMPLICIT_RETAIN_SELF = YES;
				CLANG_WARN_OBJC_LITERAL_CONVERSION = YES;
				CLANG_WARN_OBJC_ROOT_CLASS = YES_ERROR;
				CLANG_WARN_RANGE_LOOP_ANALYSIS = YES;
				CLANG_WARN_STRICT_PROTOTYPES = YES;
				CLANG_WARN_SUSPICIOUS_MOVE = YES;
				CLANG_WARN_UNGUARDED_AVAILABILITY = YES_AGGRESSIVE;
				CLANG_WARN_UNREACHABLE_CODE = YES;
				CLANG_WARN__DUPLICATE_METHOD_MATCH = YES;
				CODE_SIGN_IDENTITY = "iPhone Developer";
				COPY_PHASE_STRIP = NO;
				DEBUG_INFORMATION_FORMAT = dwarf;
				ENABLE_STRICT_OBJC_MSGSEND = YES;
				ENABLE_TESTABILITY = YES;
				GCC_C_LANGUAGE_STANDARD = gnu11;
				GCC_DYNAMIC_NO_PIC = NO;
				GCC_NO_COMMON_BLOCKS = YES;
				GCC_OPTIMIZATION_LEVEL = 0;
				GCC_PREPROCESSOR_DEFINITIONS = (
					"DEBUG=1",
					"$(inherited)",
				);
				GCC_WARN_64_TO_32_BIT_CONVERSION = YES;
				GCC_WARN_ABOUT_RETURN_TYPE = YES_ERROR;
				GCC_WARN_UNDECLARED_SELECTOR = YES;
				GCC_WARN_UNINITIALIZED_AUTOS = YES_AGGRESSIVE;
				GCC_WARN_UNUSED_FUNCTION = YES;
				GCC_WARN_UNUSED_VARIABLE = YES;
				IPHONEOS_DEPLOYMENT_TARGET = 12.1;
				MTL_ENABLE_DEBUG_INFO = INCLUDE_SOURCE;
				MTL_FAST_MATH = YES;
				ONLY_ACTIVE_ARCH = YES;
				SDKROOT = iphoneos;
				SWIFT_ACTIVE_COMPILATION_CONDITIONS = DEBUG;
				SWIFT_OPTIMIZATION_LEVEL = "-Onone";
			};
			name = Debug;
		};
		400FF2CD21F50FDA003559EB /* Release */ = {
			isa = XCBuildConfiguration;
			buildSettings = {
				ALWAYS_SEARCH_USER_PATHS = NO;
				CLANG_ANALYZER_NONNULL = YES;
				CLANG_ANALYZER_NUMBER_OBJECT_CONVERSION = YES_AGGRESSIVE;
				CLANG_CXX_LANGUAGE_STANDARD = "gnu++14";
				CLANG_CXX_LIBRARY = "libc++";
				CLANG_ENABLE_MODULES = YES;
				CLANG_ENABLE_OBJC_ARC = YES;
				CLANG_ENABLE_OBJC_WEAK = YES;
				CLANG_WARN_BLOCK_CAPTURE_AUTORELEASING = YES;
				CLANG_WARN_BOOL_CONVERSION = YES;
				CLANG_WARN_COMMA = YES;
				CLANG_WARN_CONSTANT_CONVERSION = YES;
				CLANG_WARN_DEPRECATED_OBJC_IMPLEMENTATIONS = YES;
				CLANG_WARN_DIRECT_OBJC_ISA_USAGE = YES_ERROR;
				CLANG_WARN_DOCUMENTATION_COMMENTS = YES;
				CLANG_WARN_EMPTY_BODY = YES;
				CLANG_WARN_ENUM_CONVERSION = YES;
				CLANG_WARN_INFINITE_RECURSION = YES;
				CLANG_WARN_INT_CONVERSION = YES;
				CLANG_WARN_NON_LITERAL_NULL_CONVERSION = YES;
				CLANG_WARN_OBJC_IMPLICIT_RETAIN_SELF = YES;
				CLANG_WARN_OBJC_LITERAL_CONVERSION = YES;
				CLANG_WARN_OBJC_ROOT_CLASS = YES_ERROR;
				CLANG_WARN_RANGE_LOOP_ANALYSIS = YES;
				CLANG_WARN_STRICT_PROTOTYPES = YES;
				CLANG_WARN_SUSPICIOUS_MOVE = YES;
				CLANG_WARN_UNGUARDED_AVAILABILITY = YES_AGGRESSIVE;
				CLANG_WARN_UNREACHABLE_CODE = YES;
				CLANG_WARN__DUPLICATE_METHOD_MATCH = YES;
				CODE_SIGN_IDENTITY = "iPhone Developer";
				COPY_PHASE_STRIP = NO;
				DEBUG_INFORMATION_FORMAT = "dwarf-with-dsym";
				ENABLE_NS_ASSERTIONS = NO;
				ENABLE_STRICT_OBJC_MSGSEND = YES;
				GCC_C_LANGUAGE_STANDARD = gnu11;
				GCC_NO_COMMON_BLOCKS = YES;
				GCC_WARN_64_TO_32_BIT_CONVERSION = YES;
				GCC_WARN_ABOUT_RETURN_TYPE = YES_ERROR;
				GCC_WARN_UNDECLARED_SELECTOR = YES;
				GCC_WARN_UNINITIALIZED_AUTOS = YES_AGGRESSIVE;
				GCC_WARN_UNUSED_FUNCTION = YES;
				GCC_WARN_UNUSED_VARIABLE = YES;
				IPHONEOS_DEPLOYMENT_TARGET = 12.1;
				MTL_ENABLE_DEBUG_INFO = NO;
				MTL_FAST_MATH = YES;
				SDKROOT = iphoneos;
				SWIFT_COMPILATION_MODE = wholemodule;
				SWIFT_OPTIMIZATION_LEVEL = "-O";
				VALIDATE_PRODUCT = YES;
			};
			name = Release;
		};
		400FF2CF21F50FDA003559EB /* Debug */ = {
			isa = XCBuildConfiguration;
			buildSettings = {
				ASSETCATALOG_COMPILER_APPICON_NAME = AppIcon;
				CODE_SIGN_STYLE = Automatic;
				INFOPLIST_FILE = SampleCollectionView/Info.plist;
				LD_RUNPATH_SEARCH_PATHS = (
					"$(inherited)",
					"@executable_path/Frameworks",
				);
				PRODUCT_BUNDLE_IDENTIFIER = marina.SampleCollectionView;
				PRODUCT_NAME = "$(TARGET_NAME)";
				SWIFT_VERSION = 4.2;
				TARGETED_DEVICE_FAMILY = "1,2";
			};
			name = Debug;
		};
		400FF2D021F50FDA003559EB /* Release */ = {
			isa = XCBuildConfiguration;
			buildSettings = {
				ASSETCATALOG_COMPILER_APPICON_NAME = AppIcon;
				CODE_SIGN_STYLE = Automatic;
				INFOPLIST_FILE = SampleCollectionView/Info.plist;
				LD_RUNPATH_SEARCH_PATHS = (
					"$(inherited)",
					"@executable_path/Frameworks",
				);
				PRODUCT_BUNDLE_IDENTIFIER = marina.SampleCollectionView;
				PRODUCT_NAME = "$(TARGET_NAME)";
				SWIFT_VERSION = 4.2;
				TARGETED_DEVICE_FAMILY = "1,2";
			};
			name = Release;
		};
		400FF2D221F50FDA003559EB /* Debug */ = {
			isa = XCBuildConfiguration;
			buildSettings = {
				ALWAYS_EMBED_SWIFT_STANDARD_LIBRARIES = YES;
				BUNDLE_LOADER = "$(TEST_HOST)";
				CODE_SIGN_STYLE = Automatic;
				INFOPLIST_FILE = SampleCollectionViewTests/Info.plist;
				LD_RUNPATH_SEARCH_PATHS = (
					"$(inherited)",
					"@executable_path/Frameworks",
					"@loader_path/Frameworks",
				);
				PRODUCT_BUNDLE_IDENTIFIER = marina.SampleCollectionViewTests;
				PRODUCT_NAME = "$(TARGET_NAME)";
				SWIFT_VERSION = 4.2;
				TARGETED_DEVICE_FAMILY = "1,2";
				TEST_HOST = "$(BUILT_PRODUCTS_DIR)/SampleCollectionView.app/SampleCollectionView";
			};
			name = Debug;
		};
		400FF2D321F50FDA003559EB /* Release */ = {
			isa = XCBuildConfiguration;
			buildSettings = {
				ALWAYS_EMBED_SWIFT_STANDARD_LIBRARIES = YES;
				BUNDLE_LOADER = "$(TEST_HOST)";
				CODE_SIGN_STYLE = Automatic;
				INFOPLIST_FILE = SampleCollectionViewTests/Info.plist;
				LD_RUNPATH_SEARCH_PATHS = (
					"$(inherited)",
					"@executable_path/Frameworks",
					"@loader_path/Frameworks",
				);
				PRODUCT_BUNDLE_IDENTIFIER = marina.SampleCollectionViewTests;
				PRODUCT_NAME = "$(TARGET_NAME)";
				SWIFT_VERSION = 4.2;
				TARGETED_DEVICE_FAMILY = "1,2";
				TEST_HOST = "$(BUILT_PRODUCTS_DIR)/SampleCollectionView.app/SampleCollectionView";
			};
			name = Release;
		};
		400FF2D521F50FDA003559EB /* Debug */ = {
			isa = XCBuildConfiguration;
			buildSettings = {
				ALWAYS_EMBED_SWIFT_STANDARD_LIBRARIES = YES;
				CODE_SIGN_STYLE = Automatic;
				INFOPLIST_FILE = SampleCollectionViewUITests/Info.plist;
				LD_RUNPATH_SEARCH_PATHS = (
					"$(inherited)",
					"@executable_path/Frameworks",
					"@loader_path/Frameworks",
				);
				PRODUCT_BUNDLE_IDENTIFIER = marina.SampleCollectionViewUITests;
				PRODUCT_NAME = "$(TARGET_NAME)";
				SWIFT_VERSION = 4.2;
				TARGETED_DEVICE_FAMILY = "1,2";
				TEST_TARGET_NAME = SampleCollectionView;
			};
			name = Debug;
		};
		400FF2D621F50FDA003559EB /* Release */ = {
			isa = XCBuildConfiguration;
			buildSettings = {
				ALWAYS_EMBED_SWIFT_STANDARD_LIBRARIES = YES;
				CODE_SIGN_STYLE = Automatic;
				INFOPLIST_FILE = SampleCollectionViewUITests/Info.plist;
				LD_RUNPATH_SEARCH_PATHS = (
					"$(inherited)",
					"@executable_path/Frameworks",
					"@loader_path/Frameworks",
				);
				PRODUCT_BUNDLE_IDENTIFIER = marina.SampleCollectionViewUITests;
				PRODUCT_NAME = "$(TARGET_NAME)";
				SWIFT_VERSION = 4.2;
				TARGETED_DEVICE_FAMILY = "1,2";
				TEST_TARGET_NAME = SampleCollectionView;
			};
			name = Release;
		};
/* End XCBuildConfiguration section */

/* Begin XCConfigurationList section */
		400FF2A121F50FD9003559EB /* Build configuration list for PBXProject "SampleCollectionView" */ = {
			isa = XCConfigurationList;
			buildConfigurations = (
				400FF2CC21F50FDA003559EB /* Debug */,
				400FF2CD21F50FDA003559EB /* Release */,
			);
			defaultConfigurationIsVisible = 0;
			defaultConfigurationName = Release;
		};
		400FF2CE21F50FDA003559EB /* Build configuration list for PBXNativeTarget "SampleCollectionView" */ = {
			isa = XCConfigurationList;
			buildConfigurations = (
				400FF2CF21F50FDA003559EB /* Debug */,
				400FF2D021F50FDA003559EB /* Release */,
			);
			defaultConfigurationIsVisible = 0;
			defaultConfigurationName = Release;
		};
		400FF2D121F50FDA003559EB /* Build configuration list for PBXNativeTarget "SampleCollectionViewTests" */ = {
			isa = XCConfigurationList;
			buildConfigurations = (
				400FF2D221F50FDA003559EB /* Debug */,
				400FF2D321F50FDA003559EB /* Release */,
			);
			defaultConfigurationIsVisible = 0;
			defaultConfigurationName = Release;
		};
		400FF2D421F50FDA003559EB /* Build configuration list for PBXNativeTarget "SampleCollectionViewUITests" */ = {
			isa = XCConfigurationList;
			buildConfigurations = (
				400FF2D521F50FDA003559EB /* Debug */,
				400FF2D621F50FDA003559EB /* Release */,
			);
			defaultConfigurationIsVisible = 0;
			defaultConfigurationName = Release;
		};
/* End XCConfigurationList section */
	};
	rootObject = 400FF29E21F50FD9003559EB /* Project object */;
}
